{
  "version": 4,
  "terraform_version": "0.12.16",
  "serial": 20,
  "lineage": "23b6726f-9eae-ee6c-1e23-5d1542985706",
  "outputs": {},
  "resources": [
    {
      "mode": "data",
      "type": "aws_iam_policy_document",
      "name": "InspectorNotificationTopicPolicyDocument",
      "provider": "provider.aws",
      "instances": [
        {
          "schema_version": 0,
          "attributes": {
            "id": "2819316773",
            "json": "{\n  \"Version\": \"2012-10-17\",\n  \"Statement\": [\n    {\n      \"Sid\": \"\",\n      \"Effect\": \"Allow\",\n      \"Action\": \"sns:Publish\",\n      \"Resource\": \"arn:aws:sns:eu-central-1:107840965488:Inspector-SNS-Lambda-Link\",\n      \"Principal\": {\n        \"AWS\": \"arn:aws:iam::537503971621:root\"\n      }\n    }\n  ]\n}",
            "override_json": null,
            "policy_id": null,
            "source_json": null,
            "statement": [
              {
                "actions": [
                  "sns:Publish"
                ],
                "condition": [],
                "effect": "Allow",
                "not_actions": [],
                "not_principals": [],
                "not_resources": [],
                "principals": [
                  {
                    "identifiers": [
                      "arn:aws:iam::537503971621:root"
                    ],
                    "type": "AWS"
                  }
                ],
                "resources": [
                  "arn:aws:sns:eu-central-1:107840965488:Inspector-SNS-Lambda-Link"
                ],
                "sid": ""
              }
            ],
            "version": "2012-10-17"
          }
        }
      ]
    },
    {
      "mode": "managed",
      "type": "aws_iam_role",
      "name": "LambdaRole",
      "provider": "provider.aws",
      "instances": [
        {
          "schema_version": 0,
          "attributes": {
            "arn": "arn:aws:iam::107840965488:role/LambdaRoleforVulnerabilitySolution",
            "assume_role_policy": "{\"Version\":\"2012-10-17\",\"Statement\":[{\"Effect\":\"Allow\",\"Principal\":{\"Service\":\"lambda.amazonaws.com\"},\"Action\":\"sts:AssumeRole\"}]}",
            "create_date": "2019-11-26T17:19:03Z",
            "description": "A role for Lambda to access the required services for the solution",
            "force_detach_policies": false,
            "id": "LambdaRoleforVulnerabilitySolution",
            "max_session_duration": 3600,
            "name": "LambdaRoleforVulnerabilitySolution",
            "name_prefix": null,
            "path": "/",
            "permissions_boundary": null,
            "tags": null,
            "unique_id": "AROARSG6SRNYNPAZOCNO6"
          },
          "private": "bnVsbA=="
        }
      ]
    },
    {
      "mode": "managed",
      "type": "aws_iam_role_policy",
      "name": "LambdaRolePolicy",
      "provider": "provider.aws",
      "instances": [
        {
          "schema_version": 0,
          "attributes": {
            "id": "LambdaRoleforVulnerabilitySolution:LambdaRoleCustomPolicy",
            "name": "LambdaRoleCustomPolicy",
            "name_prefix": null,
            "policy": "{\r\n    \"Version\": \"2012-10-17\",\r\n    \"Statement\": [\r\n        {\r\n            \"Effect\": \"Allow\",\r\n            \"Action\": [\r\n                \"ses:SendEmail\",\r\n                \"ses:SendRawEmail\",\r\n                \"sns:Publish\"\r\n            ],\r\n            \"Resource\": \"*\"\r\n        }\r\n    ]\r\n}\r\n",
            "role": "LambdaRoleforVulnerabilitySolution"
          },
          "private": "bnVsbA==",
          "dependencies": [
            "aws_iam_role.LambdaRole"
          ]
        }
      ]
    },
    {
      "mode": "managed",
      "type": "aws_iam_role_policy_attachment",
      "name": "LambdaRolePolicyAttachment",
      "each": "list",
      "provider": "provider.aws",
      "instances": [
        {
          "index_key": 0,
          "schema_version": 0,
          "attributes": {
            "id": "LambdaRoleforVulnerabilitySolution-20191126171904993900000003",
            "policy_arn": "arn:aws:iam::aws:policy/AmazonInspectorReadOnlyAccess",
            "role": "LambdaRoleforVulnerabilitySolution"
          },
          "private": "bnVsbA==",
          "dependencies": [
            "aws_iam_role.LambdaRole"
          ]
        },
        {
          "index_key": 1,
          "schema_version": 0,
          "attributes": {
            "id": "LambdaRoleforVulnerabilitySolution-20191126171904953000000001",
            "policy_arn": "arn:aws:iam::aws:policy/AmazonSNSReadOnlyAccess",
            "role": "LambdaRoleforVulnerabilitySolution"
          },
          "private": "bnVsbA==",
          "dependencies": [
            "aws_iam_role.LambdaRole"
          ]
        },
        {
          "index_key": 2,
          "schema_version": 0,
          "attributes": {
            "id": "LambdaRoleforVulnerabilitySolution-20191126171904976000000002",
            "policy_arn": "arn:aws:iam::aws:policy/service-role/AWSLambdaBasicExecutionRole",
            "role": "LambdaRoleforVulnerabilitySolution"
          },
          "private": "bnVsbA==",
          "dependencies": [
            "aws_iam_role.LambdaRole"
          ]
        }
      ]
    },
    {
      "mode": "managed",
      "type": "aws_inspector_assessment_target",
      "name": "InspectorAssessmentTarget",
      "provider": "provider.aws",
      "instances": [
        {
          "schema_version": 0,
          "attributes": {
            "arn": "arn:aws:inspector:eu-central-1:107840965488:target/0-Qqdmwurj",
            "id": "arn:aws:inspector:eu-central-1:107840965488:target/0-Qqdmwurj",
            "name": "InspectorAssessmentTarget",
            "resource_group_arn": "arn:aws:inspector:eu-central-1:107840965488:resourcegroup/0-DJyQ5VZr"
          },
          "private": "bnVsbA==",
          "dependencies": [
            "aws_inspector_resource_group.InspectorResourceGroup"
          ]
        }
      ]
    },
    {
      "mode": "managed",
      "type": "aws_inspector_assessment_template",
      "name": "InspectorAssessmentRun",
      "provider": "provider.aws",
      "instances": [
        {
          "schema_version": 0,
          "attributes": {
            "arn": "arn:aws:inspector:eu-central-1:107840965488:target/0-Qqdmwurj/template/0-6qq8sHsk",
            "duration": 900,
            "id": "arn:aws:inspector:eu-central-1:107840965488:target/0-Qqdmwurj/template/0-6qq8sHsk",
            "name": "SampleTerraform",
            "rules_package_arns": [
              "",
              "arn:aws:inspector:eu-central-1:537503971621:rulespackage/0-wNqHa8M9"
            ],
            "target_arn": "arn:aws:inspector:eu-central-1:107840965488:target/0-Qqdmwurj"
          },
          "private": "bnVsbA==",
          "dependencies": [
            "aws_inspector_assessment_target.InspectorAssessmentTarget",
            "aws_inspector_resource_group.InspectorResourceGroup"
          ]
        }
      ]
    },
    {
      "mode": "managed",
      "type": "aws_inspector_resource_group",
      "name": "InspectorResourceGroup",
      "provider": "provider.aws",
      "instances": [
        {
          "schema_version": 0,
          "attributes": {
            "arn": "arn:aws:inspector:eu-central-1:107840965488:resourcegroup/0-DJyQ5VZr",
            "id": "arn:aws:inspector:eu-central-1:107840965488:resourcegroup/0-DJyQ5VZr",
            "tags": {
              "Patch Group1": "Production",
              "Patch Group2": "Non-Production",
              "Patch Group3": "AWS::NoValue"
            }
          },
          "private": "bnVsbA=="
        }
      ]
    },
    {
      "mode": "managed",
      "type": "aws_lambda_function",
      "name": "AllPackageRemediation",
      "provider": "provider.aws",
      "instances": [
        {
          "schema_version": 0,
          "attributes": {
            "arn": "arn:aws:lambda:eu-central-1:107840965488:function:AllPackageRemediationFunctionUbuntuAmznL1L2",
            "dead_letter_config": [],
            "description": "This function will remediate packages that are specified. Only available for Ubuntu, Amazon Linux, Amazon Linux 2.",
            "environment": [],
            "filename": null,
            "function_name": "AllPackageRemediationFunctionUbuntuAmznL1L2",
            "handler": "Linux-AllPackageRemediation.lambda_handler",
            "id": "AllPackageRemediationFunctionUbuntuAmznL1L2",
            "invoke_arn": "arn:aws:apigateway:eu-central-1:lambda:path/2015-03-31/functions/arn:aws:lambda:eu-central-1:107840965488:function:AllPackageRemediationFunctionUbuntuAmznL1L2/invocations",
            "kms_key_arn": "",
            "last_modified": "2019-11-26T17:19:15.581+0000",
            "layers": null,
            "memory_size": 512,
            "publish": false,
            "qualified_arn": "arn:aws:lambda:eu-central-1:107840965488:function:AllPackageRemediationFunctionUbuntuAmznL1L2:$LATEST",
            "reserved_concurrent_executions": -1,
            "role": "arn:aws:iam::107840965488:role/LambdaRoleforVulnerabilitySolution",
            "runtime": "python3.6",
            "s3_bucket": "sm-lambdapackages",
            "s3_key": "remediation_all.zip",
            "s3_object_version": null,
            "source_code_hash": "rvPPX/ThCIDgo4u/HypcAxciipvxUX3jFrmDP9fp0LY=",
            "source_code_size": 1676,
            "tags": null,
            "timeout": 900,
            "timeouts": null,
            "tracing_config": [
              {
                "mode": "PassThrough"
              }
            ],
            "version": "$LATEST",
            "vpc_config": []
          },
          "private": "eyJlMmJmYjczMC1lY2FhLTExZTYtOGY4OC0zNDM2M2JjN2M0YzAiOnsiY3JlYXRlIjo2MDAwMDAwMDAwMDB9fQ==",
          "dependencies": [
            "aws_iam_role.LambdaRole"
          ]
        }
      ]
    },
    {
      "mode": "managed",
      "type": "aws_lambda_function",
      "name": "SinglePackageRemediation",
      "provider": "provider.aws",
      "instances": [
        {
          "schema_version": 0,
          "attributes": {
            "arn": "arn:aws:lambda:eu-central-1:107840965488:function:SinglePackageRemediationFunction",
            "dead_letter_config": [],
            "description": "This function will remediate packages that are specified.",
            "environment": [],
            "filename": null,
            "function_name": "SinglePackageRemediationFunction",
            "handler": "Linux-SinglePackageRemediation.lambda_handler",
            "id": "SinglePackageRemediationFunction",
            "invoke_arn": "arn:aws:apigateway:eu-central-1:lambda:path/2015-03-31/functions/arn:aws:lambda:eu-central-1:107840965488:function:SinglePackageRemediationFunction/invocations",
            "kms_key_arn": "",
            "last_modified": "2019-11-26T17:19:27.993+0000",
            "layers": null,
            "memory_size": 512,
            "publish": false,
            "qualified_arn": "arn:aws:lambda:eu-central-1:107840965488:function:SinglePackageRemediationFunction:$LATEST",
            "reserved_concurrent_executions": -1,
            "role": "arn:aws:iam::107840965488:role/LambdaRoleforVulnerabilitySolution",
            "runtime": "python3.6",
            "s3_bucket": "sm-lambdapackages",
            "s3_key": "remediation_single.zip",
            "s3_object_version": null,
            "source_code_hash": "+lyrKv6w2zVk6c5ENLlrwUBj4E018f/Zq/uajBp2K7k=",
            "source_code_size": 1293,
            "tags": null,
            "timeout": 900,
            "timeouts": null,
            "tracing_config": [
              {
                "mode": "PassThrough"
              }
            ],
            "version": "$LATEST",
            "vpc_config": []
          },
          "private": "eyJlMmJmYjczMC1lY2FhLTExZTYtOGY4OC0zNDM2M2JjN2M0YzAiOnsiY3JlYXRlIjo2MDAwMDAwMDAwMDB9fQ==",
          "dependencies": [
            "aws_iam_role.LambdaRole"
          ]
        }
      ]
    },
    {
      "mode": "managed",
      "type": "aws_lambda_function",
      "name": "VulnerabilitiesReportingFunction",
      "provider": "provider.aws",
      "instances": [
        {
          "schema_version": 0,
          "attributes": {
            "arn": "arn:aws:lambda:eu-central-1:107840965488:function:VulnerabilitiesReportingLambdaFunction",
            "dead_letter_config": [],
            "description": "This lambda function gets the Inspector Findings, processess it and send a report to respective stakeholders.",
            "environment": [
              {
                "variables": {
                  "SES_FROM": "KrishnaChaitanya.ReddyV@cognizant.com",
                  "SES_TO": "kchaitanya556@gmail.com"
                }
              }
            ],
            "filename": null,
            "function_name": "VulnerabilitiesReportingLambdaFunction",
            "handler": "lambda_function.lambda_handler",
            "id": "VulnerabilitiesReportingLambdaFunction",
            "invoke_arn": "arn:aws:apigateway:eu-central-1:lambda:path/2015-03-31/functions/arn:aws:lambda:eu-central-1:107840965488:function:VulnerabilitiesReportingLambdaFunction/invocations",
            "kms_key_arn": "",
            "last_modified": "2019-11-26T17:19:17.542+0000",
            "layers": null,
            "memory_size": 512,
            "publish": false,
            "qualified_arn": "arn:aws:lambda:eu-central-1:107840965488:function:VulnerabilitiesReportingLambdaFunction:$LATEST",
            "reserved_concurrent_executions": -1,
            "role": "arn:aws:iam::107840965488:role/LambdaRoleforVulnerabilitySolution",
            "runtime": "python3.6",
            "s3_bucket": "sm-lambdapackages",
            "s3_key": "packages.zip",
            "s3_object_version": null,
            "source_code_hash": "vQ3zk6euXc73qYjHdSy7df2iK/jW5KAXGZUoS/X8fUA=",
            "source_code_size": 66254758,
            "tags": null,
            "timeout": 900,
            "timeouts": null,
            "tracing_config": [
              {
                "mode": "PassThrough"
              }
            ],
            "version": "$LATEST",
            "vpc_config": []
          },
          "private": "eyJlMmJmYjczMC1lY2FhLTExZTYtOGY4OC0zNDM2M2JjN2M0YzAiOnsiY3JlYXRlIjo2MDAwMDAwMDAwMDB9fQ==",
          "dependencies": [
            "aws_iam_role.LambdaRole"
          ]
        }
      ]
    },
    {
      "mode": "managed",
      "type": "aws_lambda_permission",
      "name": "SNSLambdaTrigger",
      "provider": "provider.aws",
      "instances": [
        {
          "schema_version": 0,
          "attributes": {
            "action": "lambda:InvokeFunction",
            "event_source_token": null,
            "function_name": "VulnerabilitiesReportingLambdaFunction",
            "id": "terraform-20191126171919500800000004",
            "principal": "lambda.amazonaws.com",
            "qualifier": "",
            "source_account": null,
            "source_arn": "arn:aws:sns:eu-central-1:107840965488:Inspector-SNS-Lambda-Link",
            "statement_id": "terraform-20191126171919500800000004",
            "statement_id_prefix": null
          },
          "private": "bnVsbA==",
          "dependencies": [
            "aws_iam_role.LambdaRole",
            "aws_lambda_function.VulnerabilitiesReportingFunction",
            "aws_sns_topic.InspectorNotificationTopic"
          ]
        }
      ]
    },
    {
      "mode": "managed",
      "type": "aws_sns_topic",
      "name": "InspectorNotificationTopic",
      "provider": "provider.aws",
      "instances": [
        {
          "schema_version": 0,
          "attributes": {
            "application_failure_feedback_role_arn": "",
            "application_success_feedback_role_arn": "",
            "application_success_feedback_sample_rate": 0,
            "arn": "arn:aws:sns:eu-central-1:107840965488:Inspector-SNS-Lambda-Link",
            "delivery_policy": "",
            "display_name": "Inspector-SNS-Lambda-Link",
            "http_failure_feedback_role_arn": "",
            "http_success_feedback_role_arn": "",
            "http_success_feedback_sample_rate": 0,
            "id": "arn:aws:sns:eu-central-1:107840965488:Inspector-SNS-Lambda-Link",
            "kms_master_key_id": "",
            "lambda_failure_feedback_role_arn": "",
            "lambda_success_feedback_role_arn": "",
            "lambda_success_feedback_sample_rate": 0,
            "name": "Inspector-SNS-Lambda-Link",
            "name_prefix": null,
            "policy": "{\"Version\":\"2008-10-17\",\"Id\":\"__default_policy_ID\",\"Statement\":[{\"Sid\":\"__default_statement_ID\",\"Effect\":\"Allow\",\"Principal\":{\"AWS\":\"*\"},\"Action\":[\"SNS:GetTopicAttributes\",\"SNS:SetTopicAttributes\",\"SNS:AddPermission\",\"SNS:RemovePermission\",\"SNS:DeleteTopic\",\"SNS:Subscribe\",\"SNS:ListSubscriptionsByTopic\",\"SNS:Publish\",\"SNS:Receive\"],\"Resource\":\"arn:aws:sns:eu-central-1:107840965488:Inspector-SNS-Lambda-Link\",\"Condition\":{\"StringEquals\":{\"AWS:SourceOwner\":\"107840965488\"}}}]}",
            "sqs_failure_feedback_role_arn": "",
            "sqs_success_feedback_role_arn": "",
            "sqs_success_feedback_sample_rate": 0,
            "tags": null
          },
          "private": "bnVsbA=="
        }
      ]
    },
    {
      "mode": "managed",
      "type": "aws_sns_topic_policy",
      "name": "InspectorNotificationTopicPolicy",
      "provider": "provider.aws",
      "instances": [
        {
          "schema_version": 0,
          "attributes": {
            "arn": "arn:aws:sns:eu-central-1:107840965488:Inspector-SNS-Lambda-Link",
            "id": "arn:aws:sns:eu-central-1:107840965488:Inspector-SNS-Lambda-Link",
            "policy": "{\"Version\":\"2012-10-17\",\"Statement\":[{\"Sid\":\"\",\"Effect\":\"Allow\",\"Principal\":{\"AWS\":\"arn:aws:iam::537503971621:root\"},\"Action\":\"sns:Publish\",\"Resource\":\"arn:aws:sns:eu-central-1:107840965488:Inspector-SNS-Lambda-Link\"}]}"
          },
          "private": "bnVsbA==",
          "dependencies": [
            "aws_sns_topic.InspectorNotificationTopic"
          ]
        }
      ]
    }
  ]
}
